// !$*UTF8*$!
{
	archiveVersion = 1;
	classes = {
	};
	objectVersion = 46;
	objects = {

/* Begin PBXBuildFile section */
		D78340091B043C0100A16C3B /* main.m in Sources */ = {isa = PBXBuildFile; fileRef = D78340081B043C0100A16C3B /* main.m */; };
		F44D00311B04C37D0004FFF3 /* XEAsset.m in Sources */ = {isa = PBXBuildFile; fileRef = F44D002E1B04C37D0004FFF3 /* XEAsset.m */; };
		F44D00321B04C37D0004FFF3 /* XEEmployee.m in Sources */ = {isa = PBXBuildFile; fileRef = F44D00301B04C37D0004FFF3 /* XEEmployee.m */; };
		F44D00351B04C38C0004FFF3 /* XEPerson.m in Sources */ = {isa = PBXBuildFile; fileRef = F44D00341B04C38C0004FFF3 /* XEPerson.m */; };
/* End PBXBuildFile section */

/* Begin PBXCopyFilesBuildPhase section */
		D78340031B043C0100A16C3B /* CopyFiles */ = {
			isa = PBXCopyFilesBuildPhase;
			buildActionMask = 2147483647;
			dstPath = /usr/share/man/man1/;
			dstSubfolderSpec = 0;
			files = (
			);
			runOnlyForDeploymentPostprocessing = 1;
		};
/* End PBXCopyFilesBuildPhase section */

/* Begin PBXFileReference section */
		D78340051B043C0100A16C3B /* ObjC */ = {isa = PBXFileReference; explicitFileType = "compiled.mach-o.executable"; includeInIndex = 0; path = ObjC; sourceTree = BUILT_PRODUCTS_DIR; };
		D78340081B043C0100A16C3B /* main.m */ = {isa = PBXFileReference; lastKnownFileType = sourcecode.c.objc; path = main.m; sourceTree = "<group>"; };
		F44D002D1B04C37D0004FFF3 /* XEAsset.h */ = {isa = PBXFileReference; fileEncoding = 4; lastKnownFileType = sourcecode.c.h; path = XEAsset.h; sourceTree = "<group>"; };
		F44D002E1B04C37D0004FFF3 /* XEAsset.m */ = {isa = PBXFileReference; fileEncoding = 4; lastKnownFileType = sourcecode.c.objc; path = XEAsset.m; sourceTree = "<group>"; };
		F44D002F1B04C37D0004FFF3 /* XEEmployee.h */ = {isa = PBXFileReference; fileEncoding = 4; lastKnownFileType = sourcecode.c.h; path = XEEmployee.h; sourceTree = "<group>"; };
		F44D00301B04C37D0004FFF3 /* XEEmployee.m */ = {isa = PBXFileReference; fileEncoding = 4; lastKnownFileType = sourcecode.c.objc; path = XEEmployee.m; sourceTree = "<group>"; };
		F44D00331B04C38C0004FFF3 /* XEPerson.h */ = {isa = PBXFileReference; fileEncoding = 4; lastKnownFileType = sourcecode.c.h; path = XEPerson.h; sourceTree = "<group>"; };
		F44D00341B04C38C0004FFF3 /* XEPerson.m */ = {isa = PBXFileReference; fileEncoding = 4; lastKnownFileType = sourcecode.c.objc; path = XEPerson.m; sourceTree = "<group>"; };
/* End PBXFileReference section */

/* Begin PBXFrameworksBuildPhase section */
		D78340021B043C0100A16C3B /* Frameworks */ = {
			isa = PBXFrameworksBuildPhase;
			buildActionMask = 2147483647;
			files = (
			);
			runOnlyForDeploymentPostprocessing = 0;
		};
/* End PBXFrameworksBuildPhase section */

/* Begin PBXGroup section */
		D7833FFC1B043C0100A16C3B = {
			isa = PBXGroup;
			children = (
				D78340071B043C0100A16C3B /* ObjC */,
				D78340061B043C0100A16C3B /* Products */,
			);
			sourceTree = "<group>";
		};
		D78340061B043C0100A16C3B /* Products */ = {
			isa = PBXGroup;
			children = (
				D78340051B043C0100A16C3B /* ObjC */,
			);
			name = Products;
			sourceTree = "<group>";
		};
		D78340071B043C0100A16C3B /* ObjC */ = {
			isa = PBXGroup;
			children = (
				F44D002C1B04C3020004FFF3 /* Model */,
				D78340081B043C0100A16C3B /* main.m */,
			);
			path = ObjC;
			sourceTree = "<group>";
		};
		F44D002C1B04C3020004FFF3 /* Model */ = {
			isa = PBXGroup;
			children = (
				F44D00331B04C38C0004FFF3 /* XEPerson.h */,
				F44D00341B04C38C0004FFF3 /* XEPerson.m */,
				F44D002D1B04C37D0004FFF3 /* XEAsset.h */,
				F44D002E1B04C37D0004FFF3 /* XEAsset.m */,
				F44D002F1B04C37D0004FFF3 /* XEEmployee.h */,
				F44D00301B04C37D0004FFF3 /* XEEmployee.m */,
			);
			name = Model;
			sourceTree = "<group>";
		};
/* End PBXGroup section */

/* Begin PBXNativeTarget section */
		D78340041B043C0100A16C3B /* ObjC */ = {
			isa = PBXNativeTarget;
			buildConfigurationList = D783400C1B043C0100A16C3B /* Build configuration list for PBXNativeTarget "ObjC" */;
			buildPhases = (
				D78340011B043C0100A16C3B /* Sources */,
				D78340021B043C0100A16C3B /* Frameworks */,
				D78340031B043C0100A16C3B /* CopyFiles */,
			);
			buildRules = (
			);
			dependencies = (
			);
			name = ObjC;
			productName = ObjC;
			productReference = D78340051B043C0100A16C3B /* ObjC */;
			productType = "com.apple.product-type.tool";
		};
/* End PBXNativeTarget section */

/* Begin PBXProject section */
		D7833FFD1B043C0100A16C3B /* Project object */ = {
			isa = PBXProject;
			attributes = {
				LastUpgradeCheck = 0630;
				ORGANIZATIONNAME = xerionsoft;
				TargetAttributes = {
					D78340041B043C0100A16C3B = {
						CreatedOnToolsVersion = 6.3.1;
					};
				};
			};
			buildConfigurationList = D78340001B043C0100A16C3B /* Build configuration list for PBXProject "ObjC" */;
			compatibilityVersion = "Xcode 3.2";
			developmentRegion = English;
			hasScannedForEncodings = 0;
			knownRegions = (
				en,
			);
			mainGroup = D7833FFC1B043C0100A16C3B;
			productRefGroup = D78340061B043C0100A16C3B /* Products */;
			projectDirPath = "";
			projectRoot = "";
			targets = (
				D78340041B043C0100A16C3B /* ObjC */,
			);
		};
/* End PBXProject section */

/* Begin PBXSourcesBuildPhase section */
		D78340011B043C0100A16C3B /* Sources */ = {
			isa = PBXSourcesBuildPhase;
			buildActionMask = 2147483647;
			files = (
				D78340091B043C0100A16C3B /* main.m in Sources */,
				F44D00351B04C38C0004FFF3 /* XEPerson.m in Sources */,
				F44D00321B04C37D0004FFF3 /* XEEmployee.m in Sources */,
				F44D00311B04C37D0004FFF3 /* XEAsset.m in Sources */,
			);
			runOnlyForDeploymentPostprocessing = 0;
		};
/* End PBXSourcesBuildPhase section */

/* Begin XCBuildConfiguration section */
		D783400A1B043C0100A16C3B /* Debug */ = {
			isa = XCBuildConfiguration;
			buildSettings = {
				ALWAYS_SEARCH_USER_PATHS = NO;
				CLANG_CXX_LANGUAGE_STANDARD = "gnu++0x";
				CLANG_CXX_LIBRARY = "libc++";
				CLANG_ENABLE_MODULES = YES;
				CLANG_ENABLE_OBJC_ARC = YES;
				CLANG_WARN_BOOL_CONVERSION = YES;
				CLANG_WARN_CONSTANT_CONVERSION = YES;
				CLANG_WARN_DIRECT_OBJC_ISA_USAGE = YES_ERROR;
				CLANG_WARN_EMPTY_BODY = YES;
				CLANG_WARN_ENUM_CONVERSION = YES;
				CLANG_WARN_INT_CONVERSION = YES;
				CLANG_WARN_OBJC_ROOT_CLASS = YES_ERROR;
				CLANG_WARN_UNREACHABLE_CODE = YES;
				CLANG_WARN__DUPLICATE_METHOD_MATCH = YES;
				COPY_PHASE_STRIP = NO;
				DEBUG_INFORMATION_FORMAT = dwarf;
				ENABLE_STRICT_OBJC_MSGSEND = YES;
				GCC_C_LANGUAGE_STANDARD = gnu99;
				GCC_DYNAMIC_NO_PIC = NO;
				GCC_NO_COMMON_BLOCKS = YES;
				GCC_OPTIMIZATION_LEVEL = 0;
				GCC_PREPROCESSOR_DEFINITIONS = (
					"DEBUG=1",
					"$(inherited)",
				);
				GCC_SYMBOLS_PRIVATE_EXTERN = NO;
				GCC_WARN_64_TO_32_BIT_CONVERSION = YES;
				GCC_WARN_ABOUT_RETURN_TYPE = YES_ERROR;
				GCC_WARN_UNDECLARED_SELECTOR = YES;
				GCC_WARN_UNINITIALIZED_AUTOS = YES_AGGRESSIVE;
				GCC_WARN_UNUSED_FUNCTION = YES;
				GCC_WARN_UNUSED_VARIABLE = YES;
				MACOSX_DEPLOYMENT_TARGET = 10.10;
				MTL_ENABLE_DEBUG_INFO = YES;
				ONLY_ACTIVE_ARCH = YES;
				SDKROOT = macosx;
			};
			name = Debug;
		};
		D783400B1B043C0100A16C3B /* Release */ = {
			isa = XCBuildConfiguration;
			buildSettings = {
				ALWAYS_SEARCH_USER_PATHS = NO;
				CLANG_CXX_LANGUAGE_STANDARD = "gnu++0x";
				CLANG_CXX_LIBRARY = "libc++";
				CLANG_ENABLE_MODULES = YES;
				CLANG_ENABLE_OBJC_ARC = YES;
				CLANG_WARN_BOOL_CONVERSION = YES;
				CLANG_WARN_CONSTANT_CONVERSION = YES;
				CLANG_WARN_DIRECT_OBJC_ISA_USAGE = YES_ERROR;
				CLANG_WARN_EMPTY_BODY = YES;
				CLANG_WARN_ENUM_CONVERSION = YES;
				CLANG_WARN_INT_CONVERSION = YES;
				CLANG_WARN_OBJC_ROOT_CLASS = YES_ERROR;
				CLANG_WARN_UNREACHABLE_CODE = YES;
				CLANG_WARN__DUPLICATE_METHOD_MATCH = YES;
				COPY_PHASE_STRIP = NO;
				DEBUG_INFORMATION_FORMAT = "dwarf-with-dsym";
				ENABLE_NS_ASSERTIONS = NO;
				ENABLE_STRICT_OBJC_MSGSEND = YES;
				GCC_C_LANGUAGE_STANDARD = gnu99;
				GCC_NO_COMMON_BLOCKS = YES;
				GCC_WARN_64_TO_32_BIT_CONVERSION = YES;
				GCC_WARN_ABOUT_RETURN_TYPE = YES_ERROR;
				GCC_WARN_UNDECLARED_SELECTOR = YES;
				GCC_WARN_UNINITIALIZED_AUTOS = YES_AGGRESSIVE;
				GCC_WARN_UNUSED_FUNCTION = YES;
				GCC_WARN_UNUSED_VARIABLE = YES;
				MACOSX_DEPLOYMENT_TARGET = 10.10;
				MTL_ENABLE_DEBUG_INFO = NO;
				SDKROOT = macosx;
			};
			name = Release;
		};
		D783400D1B043C0100A16C3B /* Debug */ = {
			isa = XCBuildConfiguration;
			buildSettings = {
				PRODUCT_NAME = "$(TARGET_NAME)";
			};
			name = Debug;
		};
		D783400E1B043C0100A16C3B /* Release */ = {
			isa = XCBuildConfiguration;
			buildSettings = {
				PRODUCT_NAME = "$(TARGET_NAME)";
			};
			name = Release;
		};
/* End XCBuildConfiguration section */

/* Begin XCConfigurationList section */
		D78340001B043C0100A16C3B /* Build configuration list for PBXProject "ObjC" */ = {
			isa = XCConfigurationList;
			buildConfigurations = (
				D783400A1B043C0100A16C3B /* Debug */,
				D783400B1B043C0100A16C3B /* Release */,
			);
			defaultConfigurationIsVisible = 0;
			defaultConfigurationName = Release;
		};
		D783400C1B043C0100A16C3B /* Build configuration list for PBXNativeTarget "ObjC" */ = {
			isa = XCConfigurationList;
			buildConfigurations = (
				D783400D1B043C0100A16C3B /* Debug */,
				D783400E1B043C0100A16C3B /* Release */,
			);
			defaultConfigurationIsVisible = 0;
			defaultConfigurationName = Release;
		};
/* End XCConfigurationList section */
	};
	rootObject = D7833FFD1B043C0100A16C3B /* Project object */;
}
